
Microsoft Visual Studio Solution File, Format Version 12.00
# Visual Studio 15
VisualStudioVersion = 15.0.27130.2003
MinimumVisualStudioVersion = 10.0.40219.1
Project("{FAE04EC0-301F-11D3-BF4B-00C04F79EFBC}") = "ProductsCatalog.Website", "ProductsCatalog.Website\ProductsCatalog.Website.csproj", "{DEF725AC-9E11-488F-9BCD-F69ADB39C2B0}"
EndProject
Project("{FAE04EC0-301F-11D3-BF4B-00C04F79EFBC}") = "ProductsCatalog.Data", "ProductsCatalog.Data\ProductsCatalog.Data.csproj", "{D9CFCC8B-54DF-460D-990E-FA09BE26E629}"
EndProject
Project("{FAE04EC0-301F-11D3-BF4B-00C04F79EFBC}") = "ProductsCatalog.Business", "ProductsCatalog.Business\ProductsCatalog.Business.csproj", "{02497263-674E-4773-AAB0-59DDD35C2FF1}"
EndProject
Global
	GlobalSection(SolutionConfigurationPlatforms) = preSolution
		Debug|Any CPU = Debug|Any CPU
		Release|Any CPU = Release|Any CPU
	EndGlobalSection
	GlobalSection(ProjectConfigurationPlatforms) = postSolution
		{DEF725AC-9E11-488F-9BCD-F69ADB39C2B0}.Debug|Any CPU.ActiveCfg = Debug|Any CPU
		{DEF725AC-9E11-488F-9BCD-F69ADB39C2B0}.Debug|Any CPU.Build.0 = Debug|Any CPU
		{DEF725AC-9E11-488F-9BCD-F69ADB39C2B0}.Release|Any CPU.ActiveCfg = Release|Any CPU
		{DEF725AC-9E11-488F-9BCD-F69ADB39C2B0}.Release|Any CPU.Build.0 = Release|Any CPU
		{D9CFCC8B-54DF-460D-990E-FA09BE26E629}.Debug|Any CPU.ActiveCfg = Debug|Any CPU
		{D9CFCC8B-54DF-460D-990E-FA09BE26E629}.Debug|Any CPU.Build.0 = Debug|Any CPU
		{D9CFCC8B-54DF-460D-990E-FA09BE26E629}.Release|Any CPU.ActiveCfg = Release|Any CPU
		{D9CFCC8B-54DF-460D-990E-FA09BE26E629}.Release|Any CPU.Build.0 = Release|Any CPU
		{02497263-674E-4773-AAB0-59DDD35C2FF1}.Debug|Any CPU.ActiveCfg = Debug|Any CPU
		{02497263-674E-4773-AAB0-59DDD35C2FF1}.Debug|Any CPU.Build.0 = Debug|Any CPU
		{02497263-674E-4773-AAB0-59DDD35C2FF1}.Release|Any CPU.ActiveCfg = Release|Any CPU
		{02497263-674E-4773-AAB0-59DDD35C2FF1}.Release|Any CPU.Build.0 = Release|Any CPU
	EndGlobalSection
	GlobalSection(SolutionProperties) = preSolution
		HideSolutionNode = FALSE
	EndGlobalSection
	GlobalSection(ExtensibilityGlobals) = postSolution
		SolutionGuid = {A5E3C64D-8188-421F-BBD4-8CCF2181F999}
	EndGlobalSection
EndGlobal
